
Microsoft Visual Studio Solution File, Format Version 12.00
# Visual Studio Version 16
VisualStudioVersion = 16.0.32901.82
MinimumVisualStudioVersion = 10.0.40219.1
Project("{FAE04EC0-301F-11D3-BF4B-00C04F79EFBC}") = "Introduction", "Introduction\Introduction.csproj", "{927A817C-7B10-4F03-8E93-40107E95D69A}"
EndProject
Global
	GlobalSection(SolutionConfigurationPlatforms) = preSolution
		Debug|Any CPU = Debug|Any CPU
		Release|Any CPU = Release|Any CPU
	EndGlobalSection
	GlobalSection(ProjectConfigurationPlatforms) = postSolution
		{927A817C-7B10-4F03-8E93-40107E95D69A}.Debug|Any CPU.ActiveCfg = Debug|Any CPU
		{927A817C-7B10-4F03-8E93-40107E95D69A}.Debug|Any CPU.Build.0 = Debug|Any CPU
		{927A817C-7B10-4F03-8E93-40107E95D69A}.Release|Any CPU.ActiveCfg = Release|Any CPU
		{927A817C-7B10-4F03-8E93-40107E95D69A}.Release|Any CPU.Build.0 = Release|Any CPU
	EndGlobalSection
	GlobalSection(SolutionProperties) = preSolution
		HideSolutionNode = FALSE
	EndGlobalSection
	GlobalSection(ExtensibilityGlobals) = postSolution
		SolutionGuid = {1E1025DE-C35C-4EE0-A2B7-3866607C5780}
	EndGlobalSection
EndGlobal
